# This file was autogenerated by uv via the following command:
#    uv pip compile pyproject.toml --extra dev --python-version 3.12 --output-file requirements-dev.lock
annotated-types==0.8.0
    # via pydantic
anyio==4.14.2
    # via
    #   google-genai
    #   httpx
asttokens==3.0.2
    # via stack-data
attrs==26.1.0
    # via
    #   jsonschema
    #   referencing
certifi==2026.7.22
    # via
    #   httpcore
    #   httpx
    #   requests
cffi==2.1.0
    # via cryptography
charset-normalizer==3.4.9
    # via requests
comm==0.2.3
    # via ipywidgets
cryptography==50.0.0
    # via google-auth
distro==1.9.0
    # via google-genai
et-xmlfile==2.0.0
    # via openpyxl
executing==2.2.1
    # via stack-data
fastjsonschema==2.22.1
    # via nbformat
google-auth==2.56.2
    # via google-genai
google-genai==2.22.0
    # via zmo-ai-pipelines (pyproject.toml)
h11==0.16.0
    # via httpcore
httpcore==1.0.9
    # via httpx
httpx==0.28.1
    # via google-genai
idna==3.18
    # via
    #   anyio
    #   httpx
    #   requests
iniconfig==2.3.0
    # via pytest
ipyfilechooser==0.6.0
    # via zmo-ai-pipelines (pyproject.toml)
ipython==9.16.0
    # via ipywidgets
ipython-pygments-lexers==1.1.1
    # via ipython
ipywidgets==8.1.9
    # via
    #   zmo-ai-pipelines (pyproject.toml)
    #   ipyfilechooser
jedi==0.20.0
    # via ipython
jsonschema==4.26.0
    # via nbformat
jsonschema-specifications==2025.9.1
    # via jsonschema
jupyter-core==5.9.1
    # via nbformat
jupyterlab-widgets==3.0.17
    # via ipywidgets
matplotlib-inline==0.2.2
    # via ipython
nbformat==5.11.1
    # via zmo-ai-pipelines (pyproject.toml)
openpyxl==3.1.5
    # via zmo-ai-pipelines (pyproject.toml)
packaging==26.2
    # via pytest
parso==0.8.7
    # via jedi
pexpect==4.9.0
    # via ipython
platformdirs==4.11.0
    # via jupyter-core
pluggy==1.6.0
    # via pytest
prompt-toolkit==3.0.53
    # via ipython
psutil==7.2.2
    # via ipython
ptyprocess==0.7.0
    # via pexpect
pure-eval==0.2.3
    # via stack-data
pyasn1==0.6.4
    # via pyasn1-modules
pyasn1-modules==0.4.2
    # via google-auth
pycparser==3.0
    # via cffi
pydantic==2.13.4
    # via google-genai
pydantic-core==2.46.4
    # via pydantic
pygments==2.20.0
    # via
    #   ipython
    #   ipython-pygments-lexers
    #   pytest
pypdf==6.16.2
    # via zmo-ai-pipelines (pyproject.toml)
pytest==9.1.1
    # via zmo-ai-pipelines (pyproject.toml)
rapidfuzz==3.14.6
    # via zmo-ai-pipelines (pyproject.toml)
referencing==0.37.0
    # via
    #   jsonschema
    #   jsonschema-specifications
requests==2.34.2
    # via
    #   google-auth
    #   google-genai
rpds-py==2026.6.3
    # via
    #   jsonschema
    #   referencing
ruff==0.16.1
    # via zmo-ai-pipelines (pyproject.toml)
sniffio==1.3.1
    # via google-genai
stack-data==0.6.3
    # via ipython
tenacity==9.1.4
    # via google-genai
traitlets==5.16.0
    # via
    #   ipython
    #   ipywidgets
    #   jupyter-core
    #   matplotlib-inline
    #   nbformat
typing-extensions==4.16.0
    # via
    #   anyio
    #   google-genai
    #   pydantic
    #   pydantic-core
    #   referencing
    #   typing-inspection
typing-inspection==0.4.2
    # via pydantic
urllib3==2.7.0
    # via requests
wcwidth==0.8.2
    # via prompt-toolkit
websockets==16.1.1
    # via google-genai
widgetsnbextension==4.0.16
    # via ipywidgets
